<Solution>
  <Project Path="InquiryService.Application/InquiryService.Application.csproj" />
  <Project Path="InquiryService.Domain/InquiryService.Domain.csproj" />
  <Project Path="InquiryService.Infrastructure/InquiryService.Infrastructure.csproj" />
  <Project Path="InquiryService/InquiryService.API.csproj" />
</Solution>
